
Microsoft Visual Studio Solution File, Format Version 12.00
Project("{FAE04EC0-301F-11D3-BF4B-00C04F79EFBC}") = "IEnumerableExtenders", "IEnumerableExtenders\IEnumerableExtenders.csproj", "{CEB2CC36-75F7-4F67-8E95-443D6052C2DF}"
EndProject
Project("{FAE04EC0-301F-11D3-BF4B-00C04F79EFBC}") = "Tests", "Tests\Tests.csproj", "{596D162E-EBD9-492E-AD32-84C461C160C4}"
EndProject
Project("{FAE04EC0-301F-11D3-BF4B-00C04F79EFBC}") = "TestFilters", "TestFilters\TestFilters.csproj", "{486177B8-07DA-4679-BFFC-0F88AEB5799F}"
EndProject
Global
	GlobalSection(SolutionConfigurationPlatforms) = preSolution
		Debug|Any CPU = Debug|Any CPU
		Release|Any CPU = Release|Any CPU
	EndGlobalSection
	GlobalSection(ProjectConfigurationPlatforms) = postSolution
		{CEB2CC36-75F7-4F67-8E95-443D6052C2DF}.Debug|Any CPU.ActiveCfg = Debug|Any CPU
		{CEB2CC36-75F7-4F67-8E95-443D6052C2DF}.Debug|Any CPU.Build.0 = Debug|Any CPU
		{CEB2CC36-75F7-4F67-8E95-443D6052C2DF}.Release|Any CPU.ActiveCfg = Release|Any CPU
		{CEB2CC36-75F7-4F67-8E95-443D6052C2DF}.Release|Any CPU.Build.0 = Release|Any CPU
		{596D162E-EBD9-492E-AD32-84C461C160C4}.Debug|Any CPU.ActiveCfg = Debug|Any CPU
		{596D162E-EBD9-492E-AD32-84C461C160C4}.Debug|Any CPU.Build.0 = Debug|Any CPU
		{596D162E-EBD9-492E-AD32-84C461C160C4}.Release|Any CPU.ActiveCfg = Release|Any CPU
		{596D162E-EBD9-492E-AD32-84C461C160C4}.Release|Any CPU.Build.0 = Release|Any CPU
		{486177B8-07DA-4679-BFFC-0F88AEB5799F}.Debug|Any CPU.ActiveCfg = Debug|Any CPU
		{486177B8-07DA-4679-BFFC-0F88AEB5799F}.Debug|Any CPU.Build.0 = Debug|Any CPU
		{486177B8-07DA-4679-BFFC-0F88AEB5799F}.Release|Any CPU.ActiveCfg = Release|Any CPU
		{486177B8-07DA-4679-BFFC-0F88AEB5799F}.Release|Any CPU.Build.0 = Release|Any CPU
	EndGlobalSection
EndGlobal
